
Microsoft Visual Studio Solution File, Format Version 12.00
# Visual Studio Version 16
VisualStudioVersion = 16.0.30225.117
MinimumVisualStudioVersion = 10.0.40219.1
Project("{FAE04EC0-301F-11D3-BF4B-00C04F79EFBC}") = "XY_Tools", "XY_Tools\XY_Tools.csproj", "{4219ABE5-C286-4228-AF16-3D49C41A4E7B}"
EndProject
Project("{FAE04EC0-301F-11D3-BF4B-00C04F79EFBC}") = "TabManagerProject", "TabManager\TabManagerProject.csproj", "{B3A26C87-610A-4DD4-BDD0-7478E74036E1}"
EndProject
Project("{FAE04EC0-301F-11D3-BF4B-00C04F79EFBC}") = "TestProject", "TestProject\TestProject.csproj", "{FE6B6B48-FDE4-47BF-9868-D942C12EE7B2}"
EndProject
Global
	GlobalSection(SolutionConfigurationPlatforms) = preSolution
		Debug|Any CPU = Debug|Any CPU
		Release|Any CPU = Release|Any CPU
	EndGlobalSection
	GlobalSection(ProjectConfigurationPlatforms) = postSolution
		{4219ABE5-C286-4228-AF16-3D49C41A4E7B}.Debug|Any CPU.ActiveCfg = Debug|Any CPU
		{4219ABE5-C286-4228-AF16-3D49C41A4E7B}.Debug|Any CPU.Build.0 = Debug|Any CPU
		{4219ABE5-C286-4228-AF16-3D49C41A4E7B}.Release|Any CPU.ActiveCfg = Release|Any CPU
		{4219ABE5-C286-4228-AF16-3D49C41A4E7B}.Release|Any CPU.Build.0 = Release|Any CPU
		{B3A26C87-610A-4DD4-BDD0-7478E74036E1}.Debug|Any CPU.ActiveCfg = Debug|Any CPU
		{B3A26C87-610A-4DD4-BDD0-7478E74036E1}.Debug|Any CPU.Build.0 = Debug|Any CPU
		{B3A26C87-610A-4DD4-BDD0-7478E74036E1}.Release|Any CPU.ActiveCfg = Release|Any CPU
		{B3A26C87-610A-4DD4-BDD0-7478E74036E1}.Release|Any CPU.Build.0 = Release|Any CPU
		{FE6B6B48-FDE4-47BF-9868-D942C12EE7B2}.Debug|Any CPU.ActiveCfg = Debug|Any CPU
		{FE6B6B48-FDE4-47BF-9868-D942C12EE7B2}.Debug|Any CPU.Build.0 = Debug|Any CPU
		{FE6B6B48-FDE4-47BF-9868-D942C12EE7B2}.Release|Any CPU.ActiveCfg = Release|Any CPU
		{FE6B6B48-FDE4-47BF-9868-D942C12EE7B2}.Release|Any CPU.Build.0 = Release|Any CPU
	EndGlobalSection
	GlobalSection(SolutionProperties) = preSolution
		HideSolutionNode = FALSE
	EndGlobalSection
	GlobalSection(ExtensibilityGlobals) = postSolution
		SolutionGuid = {FEC6B82C-609D-4CBE-B242-5A2C5FC7744D}
	EndGlobalSection
EndGlobal
